
Microsoft Visual Studio Solution File, Format Version 12.00
# Visual Studio Version 18
VisualStudioVersion = 18.3.11520.95 d18.3
MinimumVisualStudioVersion = 10.0.40219.1
Project("{FAE04EC0-301F-11D3-BF4B-00C04F79EFBC}") = "MyPanel", "MyPanel\MyPanel.csproj", "{621FE605-4346-4C33-A0CD-5512DD0D2FC7}"
EndProject
Project("{FAE04EC0-301F-11D3-BF4B-00C04F79EFBC}") = "Agent", "Agent\Agent.csproj", "{97C695A3-ADFA-4B3E-A4D4-F596A9B48939}"
EndProject
Project("{FAE04EC0-301F-11D3-BF4B-00C04F79EFBC}") = "Data", "Data\Data.csproj", "{539ACB91-F34F-4C70-AD4B-31F58B32D0B0}"
EndProject
Global
	GlobalSection(SolutionConfigurationPlatforms) = preSolution
		Debug|Any CPU = Debug|Any CPU
		Release|Any CPU = Release|Any CPU
	EndGlobalSection
	GlobalSection(ProjectConfigurationPlatforms) = postSolution
		{621FE605-4346-4C33-A0CD-5512DD0D2FC7}.Debug|Any CPU.ActiveCfg = Debug|Any CPU
		{621FE605-4346-4C33-A0CD-5512DD0D2FC7}.Debug|Any CPU.Build.0 = Debug|Any CPU
		{621FE605-4346-4C33-A0CD-5512DD0D2FC7}.Release|Any CPU.ActiveCfg = Release|Any CPU
		{621FE605-4346-4C33-A0CD-5512DD0D2FC7}.Release|Any CPU.Build.0 = Release|Any CPU
		{97C695A3-ADFA-4B3E-A4D4-F596A9B48939}.Debug|Any CPU.ActiveCfg = Debug|Any CPU
		{97C695A3-ADFA-4B3E-A4D4-F596A9B48939}.Debug|Any CPU.Build.0 = Debug|Any CPU
		{97C695A3-ADFA-4B3E-A4D4-F596A9B48939}.Release|Any CPU.ActiveCfg = Release|Any CPU
		{97C695A3-ADFA-4B3E-A4D4-F596A9B48939}.Release|Any CPU.Build.0 = Release|Any CPU
		{539ACB91-F34F-4C70-AD4B-31F58B32D0B0}.Debug|Any CPU.ActiveCfg = Debug|Any CPU
		{539ACB91-F34F-4C70-AD4B-31F58B32D0B0}.Debug|Any CPU.Build.0 = Debug|Any CPU
		{539ACB91-F34F-4C70-AD4B-31F58B32D0B0}.Release|Any CPU.ActiveCfg = Release|Any CPU
		{539ACB91-F34F-4C70-AD4B-31F58B32D0B0}.Release|Any CPU.Build.0 = Release|Any CPU
	EndGlobalSection
	GlobalSection(SolutionProperties) = preSolution
		HideSolutionNode = FALSE
	EndGlobalSection
	GlobalSection(ExtensibilityGlobals) = postSolution
		SolutionGuid = {9B587ABE-9245-4933-985D-396148402BFD}
	EndGlobalSection
EndGlobal
